
Microsoft Visual Studio Solution File, Format Version 12.00
# Visual Studio Version 17
VisualStudioVersion = 17.14.37628.2 d17.14
MinimumVisualStudioVersion = 10.0.40219.1
Project("{FAE04EC0-301F-11D3-BF4B-00C04F79EFBC}") = "PkeyDecoder", "PkeyDecoder.csproj", "{A0846CE5-0D6E-4B61-838E-BC18823598E3}"
EndProject
Project("{FAE04EC0-301F-11D3-BF4B-00C04F79EFBC}") = "PkeyDecoderApp", "..\PkeyDecoderApp\PkeyDecoderApp.csproj", "{9070A0ED-E0F3-4D60-84AE-EF4154305D93}"
	ProjectSection(ProjectDependencies) = postProject
		{A0846CE5-0D6E-4B61-838E-BC18823598E3} = {A0846CE5-0D6E-4B61-838E-BC18823598E3}
	EndProjectSection
EndProject
Global
	GlobalSection(SolutionConfigurationPlatforms) = preSolution
		Debug|Any CPU = Debug|Any CPU
		Debug|x64 = Debug|x64
		Release|Any CPU = Release|Any CPU
		Release|x64 = Release|x64
	EndGlobalSection
	GlobalSection(ProjectConfigurationPlatforms) = postSolution
		{A0846CE5-0D6E-4B61-838E-BC18823598E3}.Debug|Any CPU.ActiveCfg = Debug|Any CPU
		{A0846CE5-0D6E-4B61-838E-BC18823598E3}.Debug|Any CPU.Build.0 = Debug|Any CPU
		{A0846CE5-0D6E-4B61-838E-BC18823598E3}.Debug|x64.ActiveCfg = Debug|x64
		{A0846CE5-0D6E-4B61-838E-BC18823598E3}.Debug|x64.Build.0 = Debug|x64
		{A0846CE5-0D6E-4B61-838E-BC18823598E3}.Release|Any CPU.ActiveCfg = Release|Any CPU
		{A0846CE5-0D6E-4B61-838E-BC18823598E3}.Release|Any CPU.Build.0 = Release|Any CPU
		{A0846CE5-0D6E-4B61-838E-BC18823598E3}.Release|x64.ActiveCfg = Release|x64
		{A0846CE5-0D6E-4B61-838E-BC18823598E3}.Release|x64.Build.0 = Release|x64
		{9070A0ED-E0F3-4D60-84AE-EF4154305D93}.Debug|Any CPU.ActiveCfg = Debug|Any CPU
		{9070A0ED-E0F3-4D60-84AE-EF4154305D93}.Debug|Any CPU.Build.0 = Debug|Any CPU
		{9070A0ED-E0F3-4D60-84AE-EF4154305D93}.Debug|x64.ActiveCfg = Debug|x64
		{9070A0ED-E0F3-4D60-84AE-EF4154305D93}.Debug|x64.Build.0 = Debug|x64
		{9070A0ED-E0F3-4D60-84AE-EF4154305D93}.Release|Any CPU.ActiveCfg = Release|Any CPU
		{9070A0ED-E0F3-4D60-84AE-EF4154305D93}.Release|Any CPU.Build.0 = Release|Any CPU
		{9070A0ED-E0F3-4D60-84AE-EF4154305D93}.Release|x64.ActiveCfg = Release|x64
		{9070A0ED-E0F3-4D60-84AE-EF4154305D93}.Release|x64.Build.0 = Release|x64
	EndGlobalSection
	GlobalSection(SolutionProperties) = preSolution
		HideSolutionNode = FALSE
	EndGlobalSection
	GlobalSection(ExtensibilityGlobals) = postSolution
		SolutionGuid = {8A7E6D48-FC19-4D1D-AF80-9054AE8DA766}
	EndGlobalSection
EndGlobal
